
Microsoft Visual Studio Solution File, Format Version 12.00
# Visual Studio Version 16
VisualStudioVersion = 16.0.31911.196
MinimumVisualStudioVersion = 10.0.40219.1
Project("{FAE04EC0-301F-11D3-BF4B-00C04F79EFBC}") = "expr95vihrov", "expr95vihrov\expr95vihrov.csproj", "{0EDA25CD-A0EE-468B-9904-0FFE4E2A4133}"
EndProject
Project("{FAE04EC0-301F-11D3-BF4B-00C04F79EFBC}") = "TestProject1", "TestProject1\TestProject1.csproj", "{641B43E9-1008-4190-83F8-34A64D165D23}"
EndProject
Global
	GlobalSection(SolutionConfigurationPlatforms) = preSolution
		Debug|Any CPU = Debug|Any CPU
		Release|Any CPU = Release|Any CPU
	EndGlobalSection
	GlobalSection(ProjectConfigurationPlatforms) = postSolution
		{0EDA25CD-A0EE-468B-9904-0FFE4E2A4133}.Debug|Any CPU.ActiveCfg = Debug|Any CPU
		{0EDA25CD-A0EE-468B-9904-0FFE4E2A4133}.Debug|Any CPU.Build.0 = Debug|Any CPU
		{0EDA25CD-A0EE-468B-9904-0FFE4E2A4133}.Release|Any CPU.ActiveCfg = Release|Any CPU
		{0EDA25CD-A0EE-468B-9904-0FFE4E2A4133}.Release|Any CPU.Build.0 = Release|Any CPU
		{641B43E9-1008-4190-83F8-34A64D165D23}.Debug|Any CPU.ActiveCfg = Debug|Any CPU
		{641B43E9-1008-4190-83F8-34A64D165D23}.Debug|Any CPU.Build.0 = Debug|Any CPU
		{641B43E9-1008-4190-83F8-34A64D165D23}.Release|Any CPU.ActiveCfg = Release|Any CPU
		{641B43E9-1008-4190-83F8-34A64D165D23}.Release|Any CPU.Build.0 = Release|Any CPU
	EndGlobalSection
	GlobalSection(SolutionProperties) = preSolution
		HideSolutionNode = FALSE
	EndGlobalSection
	GlobalSection(ExtensibilityGlobals) = postSolution
		SolutionGuid = {DDD0E1DB-DD96-4FE3-9E88-E8D55B650019}
	EndGlobalSection
EndGlobal
